// !$*UTF8*$!
{
	archiveVersion = 1;
	classes = {
	};
	objectVersion = 77;
	objects = {

/* Begin PBXBuildFile section */
		28D963D62DC38EDF00E7D99E /* dunTests.swift in Sources */ = {isa = PBXBuildFile; fileRef = 28D963D42DC38EDF00E7D99E /* dunTests.swift */; };
		28D963DA2DC38EEB00E7D99E /* dunUITestsLaunchTests.swift in Sources */ = {isa = PBXBuildFile; fileRef = 28D963D82DC38EEB00E7D99E /* dunUITestsLaunchTests.swift */; };
		28D963DB2DC38EEB00E7D99E /* dunUITests.swift in Sources */ = {isa = PBXBuildFile; fileRef = 28D963D72DC38EEB00E7D99E /* dunUITests.swift */; };
/* End PBXBuildFile section */

/* Begin PBXContainerItemProxy section */
		28D963182DC36B9100E7D99E /* PBXContainerItemProxy */ = {
			isa = PBXContainerItemProxy;
			containerPortal = 28D962F62DC36B8900E7D99E /* Project object */;
			proxyType = 1;
			remoteGlobalIDString = 28D962FD2DC36B8900E7D99E;
			remoteInfo = "dūn";
		};
		28D963222DC36B9100E7D99E /* PBXContainerItemProxy */ = {
			isa = PBXContainerItemProxy;
			containerPortal = 28D962F62DC36B8900E7D99E /* Project object */;
			proxyType = 1;
			remoteGlobalIDString = 28D962FD2DC36B8900E7D99E;
			remoteInfo = "dūn";
		};
/* End PBXContainerItemProxy section */

/* Begin PBXFileReference section */
		28D962FE2DC36B8900E7D99E /* dun.app */ = {isa = PBXFileReference; explicitFileType = wrapper.application; includeInIndex = 0; path = dun.app; sourceTree = BUILT_PRODUCTS_DIR; };
		28D963172DC36B9100E7D99E /* dunTests.xctest */ = {isa = PBXFileReference; explicitFileType = wrapper.cfbundle; includeInIndex = 0; path = dunTests.xctest; sourceTree = BUILT_PRODUCTS_DIR; };
		28D963212DC36B9100E7D99E /* dunUITests.xctest */ = {isa = PBXFileReference; explicitFileType = wrapper.cfbundle; includeInIndex = 0; path = dunUITests.xctest; sourceTree = BUILT_PRODUCTS_DIR; };
		28D963D42DC38EDF00E7D99E /* dunTests.swift */ = {isa = PBXFileReference; lastKnownFileType = sourcecode.swift; path = dunTests.swift; sourceTree = "<group>"; };
		28D963D72DC38EEB00E7D99E /* dunUITests.swift */ = {isa = PBXFileReference; lastKnownFileType = sourcecode.swift; path = dunUITests.swift; sourceTree = "<group>"; };
		28D963D82DC38EEB00E7D99E /* dunUITestsLaunchTests.swift */ = {isa = PBXFileReference; lastKnownFileType = sourcecode.swift; path = dunUITestsLaunchTests.swift; sourceTree = "<group>"; };
/* End PBXFileReference section */

/* Begin PBXFileSystemSynchronizedBuildFileExceptionSet section */
		28D963292DC36B9100E7D99E /* Exceptions for "dun" folder in "dun" target */ = {
			isa = PBXFileSystemSynchronizedBuildFileExceptionSet;
			membershipExceptions = (
				Info.plist,
			);
			target = 28D962FD2DC36B8900E7D99E /* dun */;
		};
/* End PBXFileSystemSynchronizedBuildFileExceptionSet section */

/* Begin PBXFileSystemSynchronizedRootGroup section */
		28D963002DC36B8900E7D99E /* dun */ = {
			isa = PBXFileSystemSynchronizedRootGroup;
			exceptions = (
				28D963292DC36B9100E7D99E /* Exceptions for "dun" folder in "dun" target */,
			);
			path = dun;
			sourceTree = "<group>";
		};
		28D9631A2DC36B9100E7D99E /* dūnTests */ = {
			isa = PBXFileSystemSynchronizedRootGroup;
			path = "dūnTests";
			sourceTree = "<group>";
		};
		28D963242DC36B9100E7D99E /* dūnUITests */ = {
			isa = PBXFileSystemSynchronizedRootGroup;
			path = "dūnUITests";
			sourceTree = "<group>";
		};
/* End PBXFileSystemSynchronizedRootGroup section */

/* Begin PBXFrameworksBuildPhase section */
		28D962FB2DC36B8900E7D99E /* Frameworks */ = {
			isa = PBXFrameworksBuildPhase;
			buildActionMask = 2147483647;
			files = (
			);
			runOnlyForDeploymentPostprocessing = 0;
		};
		28D963142DC36B9100E7D99E /* Frameworks */ = {
			isa = PBXFrameworksBuildPhase;
			buildActionMask = 2147483647;
			files = (
			);
			runOnlyForDeploymentPostprocessing = 0;
		};
		28D9631E2DC36B9100E7D99E /* Frameworks */ = {
			isa = PBXFrameworksBuildPhase;
			buildActionMask = 2147483647;
			files = (
			);
			runOnlyForDeploymentPostprocessing = 0;
		};
/* End PBXFrameworksBuildPhase section */

/* Begin PBXGroup section */
		28D962F52DC36B8900E7D99E = {
			isa = PBXGroup;
			children = (
				28D963002DC36B8900E7D99E /* dun */,
				28D963D92DC38EEB00E7D99E /* dunUITests */,
				28D963D52DC38EDF00E7D99E /* dunTests */,
				28D9631A2DC36B9100E7D99E /* dūnTests */,
				28D963242DC36B9100E7D99E /* dūnUITests */,
				28D962FF2DC36B8900E7D99E /* Products */,
			);
			sourceTree = "<group>";
		};
		28D962FF2DC36B8900E7D99E /* Products */ = {
			isa = PBXGroup;
			children = (
				28D962FE2DC36B8900E7D99E /* dun.app */,
				28D963172DC36B9100E7D99E /* dunTests.xctest */,
				28D963212DC36B9100E7D99E /* dunUITests.xctest */,
			);
			name = Products;
			sourceTree = "<group>";
		};
		28D963D52DC38EDF00E7D99E /* dunTests */ = {
			isa = PBXGroup;
			children = (
				28D963D42DC38EDF00E7D99E /* dunTests.swift */,
			);
			path = dunTests;
			sourceTree = "<group>";
		};
		28D963D92DC38EEB00E7D99E /* dunUITests */ = {
			isa = PBXGroup;
			children = (
				28D963D72DC38EEB00E7D99E /* dunUITests.swift */,
				28D963D82DC38EEB00E7D99E /* dunUITestsLaunchTests.swift */,
			);
			path = dunUITests;
			sourceTree = "<group>";
		};
/* End PBXGroup section */

/* Begin PBXNativeTarget section */
		28D962FD2DC36B8900E7D99E /* dun */ = {
			isa = PBXNativeTarget;
			buildConfigurationList = 28D9632A2DC36B9100E7D99E /* Build configuration list for PBXNativeTarget "dun" */;
			buildPhases = (
				28D962FA2DC36B8900E7D99E /* Sources */,
				28D962FB2DC36B8900E7D99E /* Frameworks */,
				28D962FC2DC36B8900E7D99E /* Resources */,
			);
			buildRules = (
			);
			dependencies = (
			);
			fileSystemSynchronizedGroups = (
				28D963002DC36B8900E7D99E /* dun */,
			);
			name = dun;
			packageProductDependencies = (
			);
			productName = "dūn";
			productReference = 28D962FE2DC36B8900E7D99E /* dun.app */;
			productType = "com.apple.product-type.application";
		};
		28D963162DC36B9100E7D99E /* dunTests */ = {
			isa = PBXNativeTarget;
			buildConfigurationList = 28D9632F2DC36B9100E7D99E /* Build configuration list for PBXNativeTarget "dunTests" */;
			buildPhases = (
				28D963132DC36B9100E7D99E /* Sources */,
				28D963142DC36B9100E7D99E /* Frameworks */,
				28D963152DC36B9100E7D99E /* Resources */,
			);
			buildRules = (
			);
			dependencies = (
				28D963192DC36B9100E7D99E /* PBXTargetDependency */,
			);
			fileSystemSynchronizedGroups = (
				28D9631A2DC36B9100E7D99E /* dūnTests */,
			);
			name = dunTests;
			packageProductDependencies = (
			);
			productName = "dūnTests";
			productReference = 28D963172DC36B9100E7D99E /* dunTests.xctest */;
			productType = "com.apple.product-type.bundle.unit-test";
		};
		28D963202DC36B9100E7D99E /* dunUITests */ = {
			isa = PBXNativeTarget;
			buildConfigurationList = 28D963322DC36B9100E7D99E /* Build configuration list for PBXNativeTarget "dunUITests" */;
			buildPhases = (
				28D9631D2DC36B9100E7D99E /* Sources */,
				28D9631E2DC36B9100E7D99E /* Frameworks */,
				28D9631F2DC36B9100E7D99E /* Resources */,
			);
			buildRules = (
			);
			dependencies = (
				28D963232DC36B9100E7D99E /* PBXTargetDependency */,
			);
			fileSystemSynchronizedGroups = (
				28D963242DC36B9100E7D99E /* dūnUITests */,
			);
			name = dunUITests;
			packageProductDependencies = (
			);
			productName = "dūnUITests";
			productReference = 28D963212DC36B9100E7D99E /* dunUITests.xctest */;
			productType = "com.apple.product-type.bundle.ui-testing";
		};
/* End PBXNativeTarget section */

/* Begin PBXProject section */
		28D962F62DC36B8900E7D99E /* Project object */ = {
			isa = PBXProject;
			attributes = {
				BuildIndependentTargetsInParallel = 1;
				LastSwiftUpdateCheck = 1610;
				LastUpgradeCheck = 1610;
				TargetAttributes = {
					28D962FD2DC36B8900E7D99E = {
						CreatedOnToolsVersion = 16.1;
					};
					28D963162DC36B9100E7D99E = {
						CreatedOnToolsVersion = 16.1;
						TestTargetID = 28D962FD2DC36B8900E7D99E;
					};
					28D963202DC36B9100E7D99E = {
						CreatedOnToolsVersion = 16.1;
						TestTargetID = 28D962FD2DC36B8900E7D99E;
					};
				};
			};
			buildConfigurationList = 28D962F92DC36B8900E7D99E /* Build configuration list for PBXProject "dun" */;
			developmentRegion = en;
			hasScannedForEncodings = 0;
			knownRegions = (
				en,
				Base,
			);
			mainGroup = 28D962F52DC36B8900E7D99E;
			minimizedProjectReferenceProxies = 1;
			preferredProjectObjectVersion = 77;
			productRefGroup = 28D962FF2DC36B8900E7D99E /* Products */;
			projectDirPath = "";
			projectRoot = "";
			targets = (
				28D962FD2DC36B8900E7D99E /* dun */,
				28D963162DC36B9100E7D99E /* dunTests */,
				28D963202DC36B9100E7D99E /* dunUITests */,
			);
		};
/* End PBXProject section */

/* Begin PBXResourcesBuildPhase section */
		28D962FC2DC36B8900E7D99E /* Resources */ = {
			isa = PBXResourcesBuildPhase;
			buildActionMask = 2147483647;
			files = (
			);
			runOnlyForDeploymentPostprocessing = 0;
		};
		28D963152DC36B9100E7D99E /* Resources */ = {
			isa = PBXResourcesBuildPhase;
			buildActionMask = 2147483647;
			files = (
			);
			runOnlyForDeploymentPostprocessing = 0;
		};
		28D9631F2DC36B9100E7D99E /* Resources */ = {
			isa = PBXResourcesBuildPhase;
			buildActionMask = 2147483647;
			files = (
			);
			runOnlyForDeploymentPostprocessing = 0;
		};
/* End PBXResourcesBuildPhase section */

/* Begin PBXSourcesBuildPhase section */
		28D962FA2DC36B8900E7D99E /* Sources */ = {
			isa = PBXSourcesBuildPhase;
			buildActionMask = 2147483647;
			files = (
			);
			runOnlyForDeploymentPostprocessing = 0;
		};
		28D963132DC36B9100E7D99E /* Sources */ = {
			isa = PBXSourcesBuildPhase;
			buildActionMask = 2147483647;
			files = (
				28D963D62DC38EDF00E7D99E /* dunTests.swift in Sources */,
			);
			runOnlyForDeploymentPostprocessing = 0;
		};
		28D9631D2DC36B9100E7D99E /* Sources */ = {
			isa = PBXSourcesBuildPhase;
			buildActionMask = 2147483647;
			files = (
				28D963DA2DC38EEB00E7D99E /* dunUITestsLaunchTests.swift in Sources */,
				28D963DB2DC38EEB00E7D99E /* dunUITests.swift in Sources */,
			);
			runOnlyForDeploymentPostprocessing = 0;
		};
/* End PBXSourcesBuildPhase section */

/* Begin PBXTargetDependency section */
		28D963192DC36B9100E7D99E /* PBXTargetDependency */ = {
			isa = PBXTargetDependency;
			target = 28D962FD2DC36B8900E7D99E /* dun */;
			targetProxy = 28D963182DC36B9100E7D99E /* PBXContainerItemProxy */;
		};
		28D963232DC36B9100E7D99E /* PBXTargetDependency */ = {
			isa = PBXTargetDependency;
			target = 28D962FD2DC36B8900E7D99E /* dun */;
			targetProxy = 28D963222DC36B9100E7D99E /* PBXContainerItemProxy */;
		};
/* End PBXTargetDependency section */

/* Begin XCBuildConfiguration section */
		28D9632B2DC36B9100E7D99E /* Debug */ = {
			isa = XCBuildConfiguration;
			buildSettings = {
				ASSETCATALOG_COMPILER_APPICON_NAME = AppIcon;
				ASSETCATALOG_COMPILER_GLOBAL_ACCENT_COLOR_NAME = AccentColor;
				CODE_SIGN_STYLE = Automatic;
				CURRENT_PROJECT_VERSION = 1;
				DEVELOPMENT_TEAM = N5CTMB8PTT;
				GENERATE_INFOPLIST_FILE = YES;
				INFOPLIST_FILE = dun/Info.plist;
				INFOPLIST_KEY_CFBundleDisplayName = "dūn";
				INFOPLIST_KEY_LSApplicationCategoryType = "public.app-category.productivity";
				INFOPLIST_KEY_UIApplicationSupportsIndirectInputEvents = YES;
				INFOPLIST_KEY_UILaunchStoryboardName = LaunchScreen;
				INFOPLIST_KEY_UISupportedInterfaceOrientations_iPad = "UIInterfaceOrientationPortrait UIInterfaceOrientationPortraitUpsideDown UIInterfaceOrientationLandscapeLeft UIInterfaceOrientationLandscapeRight";
				INFOPLIST_KEY_UISupportedInterfaceOrientations_iPhone = "UIInterfaceOrientationPortrait UIInterfaceOrientationLandscapeLeft UIInterfaceOrientationLandscapeRight";
				LD_RUNPATH_SEARCH_PATHS = (
					"$(inherited)",
					"@executable_path/Frameworks",
				);
				MARKETING_VERSION = 1.0;
				PRODUCT_BUNDLE_IDENTIFIER = com.test.dun;
				PRODUCT_NAME = "$(TARGET_NAME)";
				SUPPORTED_PLATFORMS = "iphoneos iphonesimulator";
				SUPPORTS_MACCATALYST = NO;
				SUPPORTS_MAC_DESIGNED_FOR_IPHONE_IPAD = NO;
				SUPPORTS_XR_DESIGNED_FOR_IPHONE_IPAD = NO;
				SWIFT_EMIT_LOC_STRINGS = YES;
				SWIFT_VERSION = 5.0;
				TARGETED_DEVICE_FAMILY = 1;
			};
			name = Debug;
		};
		28D9632C2DC36B9100E7D99E /* Release */ = {
			isa = XCBuildConfiguration;
			buildSettings = {
				ASSETCATALOG_COMPILER_APPICON_NAME = AppIcon;
				ASSETCATALOG_COMPILER_GLOBAL_ACCENT_COLOR_NAME = AccentColor;
				CODE_SIGN_STYLE = Automatic;
				CURRENT_PROJECT_VERSION = 1;
				DEVELOPMENT_TEAM = N5CTMB8PTT;
				GENERATE_INFOPLIST_FILE = YES;
				INFOPLIST_FILE = dun/Info.plist;
				INFOPLIST_KEY_CFBundleDisplayName = "dūn";
				INFOPLIST_KEY_LSApplicationCategoryType = "public.app-category.productivity";
				INFOPLIST_KEY_UIApplicationSupportsIndirectInputEvents = YES;
				INFOPLIST_KEY_UILaunchStoryboardName = LaunchScreen;
				INFOPLIST_KEY_UISupportedInterfaceOrientations_iPad = "UIInterfaceOrientationPortrait UIInterfaceOrientationPortraitUpsideDown UIInterfaceOrientationLandscapeLeft UIInterfaceOrientationLandscapeRight";
				INFOPLIST_KEY_UISupportedInterfaceOrientations_iPhone = "UIInterfaceOrientationPortrait UIInterfaceOrientationLandscapeLeft UIInterfaceOrientationLandscapeRight";
				LD_RUNPATH_SEARCH_PATHS = (
					"$(inherited)",
					"@executable_path/Frameworks",
				);
				MARKETING_VERSION = 1.0;
				PRODUCT_BUNDLE_IDENTIFIER = com.test.dun;
				PRODUCT_NAME = "$(TARGET_NAME)";
				SUPPORTED_PLATFORMS = "iphoneos iphonesimulator";
				SUPPORTS_MACCATALYST = NO;
				SUPPORTS_MAC_DESIGNED_FOR_IPHONE_IPAD = NO;
				SUPPORTS_XR_DESIGNED_FOR_IPHONE_IPAD = NO;
				SWIFT_EMIT_LOC_STRINGS = YES;
				SWIFT_VERSION = 5.0;
				TARGETED_DEVICE_FAMILY = 1;
			};
			name = Release;
		};
		28D9632D2DC36B9100E7D99E /* Debug */ = {
			isa = XCBuildConfiguration;
			buildSettings = {
				ALWAYS_SEARCH_USER_PATHS = NO;
				ASSETCATALOG_COMPILER_GENERATE_SWIFT_ASSET_SYMBOL_EXTENSIONS = YES;
				CLANG_ANALYZER_NONNULL = YES;
				CLANG_ANALYZER_NUMBER_OBJECT_CONVERSION = YES_AGGRESSIVE;
				CLANG_CXX_LANGUAGE_STANDARD = "gnu++20";
				CLANG_ENABLE_MODULES = YES;
				CLANG_ENABLE_OBJC_ARC = YES;
				CLANG_ENABLE_OBJC_WEAK = YES;
				CLANG_WARN_BLOCK_CAPTURE_AUTORELEASING = YES;
				CLANG_WARN_BOOL_CONVERSION = YES;
				CLANG_WARN_COMMA = YES;
				CLANG_WARN_CONSTANT_CONVERSION = YES;
				CLANG_WARN_DEPRECATED_OBJC_IMPLEMENTATIONS = YES;
				CLANG_WARN_DIRECT_OBJC_ISA_USAGE = YES_ERROR;
				CLANG_WARN_DOCUMENTATION_COMMENTS = YES;
				CLANG_WARN_EMPTY_BODY = YES;
				CLANG_WARN_ENUM_CONVERSION = YES;
				CLANG_WARN_INFINITE_RECURSION = YES;
				CLANG_WARN_INT_CONVERSION = YES;
				CLANG_WARN_NON_LITERAL_NULL_CONVERSION = YES;
				CLANG_WARN_OBJC_IMPLICIT_RETAIN_SELF = YES;
				CLANG_WARN_OBJC_LITERAL_CONVERSION = YES;
				CLANG_WARN_OBJC_ROOT_CLASS = YES_ERROR;
				CLANG_WARN_QUOTED_INCLUDE_IN_FRAMEWORK_HEADER = YES;
				CLANG_WARN_RANGE_LOOP_ANALYSIS = YES;
				CLANG_WARN_STRICT_PROTOTYPES = YES;
				CLANG_WARN_SUSPICIOUS_MOVE = YES;
				CLANG_WARN_UNGUARDED_AVAILABILITY = YES_AGGRESSIVE;
				CLANG_WARN_UNREACHABLE_CODE = YES;
				CLANG_WARN__DUPLICATE_METHOD_MATCH = YES;
				COPY_PHASE_STRIP = NO;
				DEBUG_INFORMATION_FORMAT = dwarf;
				ENABLE_STRICT_OBJC_MSGSEND = YES;
				ENABLE_TESTABILITY = YES;
				ENABLE_USER_SCRIPT_SANDBOXING = YES;
				GCC_C_LANGUAGE_STANDARD = gnu17;
				GCC_DYNAMIC_NO_PIC = NO;
				GCC_NO_COMMON_BLOCKS = YES;
				GCC_OPTIMIZATION_LEVEL = 0;
				GCC_PREPROCESSOR_DEFINITIONS = (
					"DEBUG=1",
					"$(inherited)",
				);
				GCC_WARN_64_TO_32_BIT_CONVERSION = YES;
				GCC_WARN_ABOUT_RETURN_TYPE = YES_ERROR;
				GCC_WARN_UNDECLARED_SELECTOR = YES;
				GCC_WARN_UNINITIALIZED_AUTOS = YES_AGGRESSIVE;
				GCC_WARN_UNUSED_FUNCTION = YES;
				GCC_WARN_UNUSED_VARIABLE = YES;
				IPHONEOS_DEPLOYMENT_TARGET = 18.1;
				LOCALIZATION_PREFERS_STRING_CATALOGS = YES;
				MTL_ENABLE_DEBUG_INFO = INCLUDE_SOURCE;
				MTL_FAST_MATH = YES;
				ONLY_ACTIVE_ARCH = YES;
				SDKROOT = iphoneos;
				SWIFT_ACTIVE_COMPILATION_CONDITIONS = "DEBUG $(inherited)";
				SWIFT_OPTIMIZATION_LEVEL = "-Onone";
			};
			name = Debug;
		};
		28D9632E2DC36B9100E7D99E /* Release */ = {
			isa = XCBuildConfiguration;
			buildSettings = {
				ALWAYS_SEARCH_USER_PATHS = NO;
				ASSETCATALOG_COMPILER_GENERATE_SWIFT_ASSET_SYMBOL_EXTENSIONS = YES;
				CLANG_ANALYZER_NONNULL = YES;
				CLANG_ANALYZER_NUMBER_OBJECT_CONVERSION = YES_AGGRESSIVE;
				CLANG_CXX_LANGUAGE_STANDARD = "gnu++20";
				CLANG_ENABLE_MODULES = YES;
				CLANG_ENABLE_OBJC_ARC = YES;
				CLANG_ENABLE_OBJC_WEAK = YES;
				CLANG_WARN_BLOCK_CAPTURE_AUTORELEASING = YES;
				CLANG_WARN_BOOL_CONVERSION = YES;
				CLANG_WARN_COMMA = YES;
				CLANG_WARN_CONSTANT_CONVERSION = YES;
				CLANG_WARN_DEPRECATED_OBJC_IMPLEMENTATIONS = YES;
				CLANG_WARN_DIRECT_OBJC_ISA_USAGE = YES_ERROR;
				CLANG_WARN_DOCUMENTATION_COMMENTS = YES;
				CLANG_WARN_EMPTY_BODY = YES;
				CLANG_WARN_ENUM_CONVERSION = YES;
				CLANG_WARN_INFINITE_RECURSION = YES;
				CLANG_WARN_INT_CONVERSION = YES;
				CLANG_WARN_NON_LITERAL_NULL_CONVERSION = YES;
				CLANG_WARN_OBJC_IMPLICIT_RETAIN_SELF = YES;
				CLANG_WARN_OBJC_LITERAL_CONVERSION = YES;
				CLANG_WARN_OBJC_ROOT_CLASS = YES_ERROR;
				CLANG_WARN_QUOTED_INCLUDE_IN_FRAMEWORK_HEADER = YES;
				CLANG_WARN_RANGE_LOOP_ANALYSIS = YES;
				CLANG_WARN_STRICT_PROTOTYPES = YES;
				CLANG_WARN_SUSPICIOUS_MOVE = YES;
				CLANG_WARN_UNGUARDED_AVAILABILITY = YES_AGGRESSIVE;
				CLANG_WARN_UNREACHABLE_CODE = YES;
				CLANG_WARN__DUPLICATE_METHOD_MATCH = YES;
				COPY_PHASE_STRIP = NO;
				DEBUG_INFORMATION_FORMAT = "dwarf-with-dsym";
				ENABLE_NS_ASSERTIONS = NO;
				ENABLE_STRICT_OBJC_MSGSEND = YES;
				ENABLE_USER_SCRIPT_SANDBOXING = YES;
				GCC_C_LANGUAGE_STANDARD = gnu17;
				GCC_NO_COMMON_BLOCKS = YES;
				GCC_WARN_64_TO_32_BIT_CONVERSION = YES;
				GCC_WARN_ABOUT_RETURN_TYPE = YES_ERROR;
				GCC_WARN_UNDECLARED_SELECTOR = YES;
				GCC_WARN_UNINITIALIZED_AUTOS = YES_AGGRESSIVE;
				GCC_WARN_UNUSED_FUNCTION = YES;
				GCC_WARN_UNUSED_VARIABLE = YES;
				IPHONEOS_DEPLOYMENT_TARGET = 18.1;
				LOCALIZATION_PREFERS_STRING_CATALOGS = YES;
				MTL_ENABLE_DEBUG_INFO = NO;
				MTL_FAST_MATH = YES;
				SDKROOT = iphoneos;
				SWIFT_COMPILATION_MODE = wholemodule;
				VALIDATE_PRODUCT = YES;
			};
			name = Release;
		};
		28D963302DC36B9100E7D99E /* Debug */ = {
			isa = XCBuildConfiguration;
			buildSettings = {
				BUNDLE_LOADER = "$(TEST_HOST)";
				CODE_SIGN_STYLE = Automatic;
				CURRENT_PROJECT_VERSION = 1;
				DEVELOPMENT_TEAM = QC2LRL9F42;
				GENERATE_INFOPLIST_FILE = YES;
				IPHONEOS_DEPLOYMENT_TARGET = 18.1;
				MARKETING_VERSION = 1.0;
				PRODUCT_BUNDLE_IDENTIFIER = "com.test.du-nTests";
				PRODUCT_NAME = "$(TARGET_NAME)";
				SWIFT_EMIT_LOC_STRINGS = NO;
				SWIFT_VERSION = 5.0;
				TARGETED_DEVICE_FAMILY = "1,2";
				TEST_HOST = "$(BUILT_PRODUCTS_DIR)/dun.app/$(BUNDLE_EXECUTABLE_FOLDER_PATH)/dun";
			};
			name = Debug;
		};
		28D963312DC36B9100E7D99E /* Release */ = {
			isa = XCBuildConfiguration;
			buildSettings = {
				BUNDLE_LOADER = "$(TEST_HOST)";
				CODE_SIGN_STYLE = Automatic;
				CURRENT_PROJECT_VERSION = 1;
				DEVELOPMENT_TEAM = QC2LRL9F42;
				GENERATE_INFOPLIST_FILE = YES;
				IPHONEOS_DEPLOYMENT_TARGET = 18.1;
				MARKETING_VERSION = 1.0;
				PRODUCT_BUNDLE_IDENTIFIER = "com.test.du-nTests";
				PRODUCT_NAME = "$(TARGET_NAME)";
				SWIFT_EMIT_LOC_STRINGS = NO;
				SWIFT_VERSION = 5.0;
				TARGETED_DEVICE_FAMILY = "1,2";
				TEST_HOST = "$(BUILT_PRODUCTS_DIR)/dun.app/$(BUNDLE_EXECUTABLE_FOLDER_PATH)/dun";
			};
			name = Release;
		};
		28D963332DC36B9100E7D99E /* Debug */ = {
			isa = XCBuildConfiguration;
			buildSettings = {
				CODE_SIGN_STYLE = Automatic;
				CURRENT_PROJECT_VERSION = 1;
				DEVELOPMENT_TEAM = QC2LRL9F42;
				GENERATE_INFOPLIST_FILE = YES;
				MARKETING_VERSION = 1.0;
				PRODUCT_BUNDLE_IDENTIFIER = "com.test.du-nUITests";
				PRODUCT_NAME = "$(TARGET_NAME)";
				SWIFT_EMIT_LOC_STRINGS = NO;
				SWIFT_VERSION = 5.0;
				TARGETED_DEVICE_FAMILY = "1,2";
				TEST_TARGET_NAME = "dūn";
			};
			name = Debug;
		};
		28D963342DC36B9100E7D99E /* Release */ = {
			isa = XCBuildConfiguration;
			buildSettings = {
				CODE_SIGN_STYLE = Automatic;
				CURRENT_PROJECT_VERSION = 1;
				DEVELOPMENT_TEAM = QC2LRL9F42;
				GENERATE_INFOPLIST_FILE = YES;
				MARKETING_VERSION = 1.0;
				PRODUCT_BUNDLE_IDENTIFIER = "com.test.du-nUITests";
				PRODUCT_NAME = "$(TARGET_NAME)";
				SWIFT_EMIT_LOC_STRINGS = NO;
				SWIFT_VERSION = 5.0;
				TARGETED_DEVICE_FAMILY = "1,2";
				TEST_TARGET_NAME = "dūn";
			};
			name = Release;
		};
/* End XCBuildConfiguration section */

/* Begin XCConfigurationList section */
		28D962F92DC36B8900E7D99E /* Build configuration list for PBXProject "dun" */ = {
			isa = XCConfigurationList;
			buildConfigurations = (
				28D9632D2DC36B9100E7D99E /* Debug */,
				28D9632E2DC36B9100E7D99E /* Release */,
			);
			defaultConfigurationIsVisible = 0;
			defaultConfigurationName = Release;
		};
		28D9632A2DC36B9100E7D99E /* Build configuration list for PBXNativeTarget "dun" */ = {
			isa = XCConfigurationList;
			buildConfigurations = (
				28D9632B2DC36B9100E7D99E /* Debug */,
				28D9632C2DC36B9100E7D99E /* Release */,
			);
			defaultConfigurationIsVisible = 0;
			defaultConfigurationName = Release;
		};
		28D9632F2DC36B9100E7D99E /* Build configuration list for PBXNativeTarget "dunTests" */ = {
			isa = XCConfigurationList;
			buildConfigurations = (
				28D963302DC36B9100E7D99E /* Debug */,
				28D963312DC36B9100E7D99E /* Release */,
			);
			defaultConfigurationIsVisible = 0;
			defaultConfigurationName = Release;
		};
		28D963322DC36B9100E7D99E /* Build configuration list for PBXNativeTarget "dunUITests" */ = {
			isa = XCConfigurationList;
			buildConfigurations = (
				28D963332DC36B9100E7D99E /* Debug */,
				28D963342DC36B9100E7D99E /* Release */,
			);
			defaultConfigurationIsVisible = 0;
			defaultConfigurationName = Release;
		};
/* End XCConfigurationList section */
	};
	rootObject = 28D962F62DC36B8900E7D99E /* Project object */;
}
